
Microsoft Visual Studio Solution File, Format Version 11.00
# Visual Studio 2010
Project("{FAE04EC0-301F-11D3-BF4B-00C04F79EFBC}") = "KinectNUI", "Presentation\KinectUI\KinectNUI.csproj", "{DAC402A4-243F-4B2A-A927-61676A8CC54F}"
EndProject
Project("{FAE04EC0-301F-11D3-BF4B-00C04F79EFBC}") = "KinectNUI.Business.Kinect", "Business\KinectNUI.Business.Kinect\KinectNUI.Business.Kinect.csproj", "{1D801696-2DD4-46F5-9EFB-FDFCF272B689}"
EndProject
Project("{2150E333-8FDC-42A3-9474-1A3956D46DE8}") = "Solution Items", "Solution Items", "{57432913-F8FE-43DB-A4A6-F7D4F2B1085A}"
EndProject
Global
	GlobalSection(TeamFoundationVersionControl) = preSolution
		SccNumberOfProjects = 3
		SccEnterpriseProvider = {4CA58AB2-18FA-4F8D-95D4-32DDF27D184C}
		SccTeamFoundationServer = https://tfs.codeplex.com/tfs/tfs09
		SccLocalPath0 = .
		SccProjectUniqueName1 = Business\\KinectNUI.Business.Kinect\\KinectNUI.Business.Kinect.csproj
		SccProjectName1 = Business/KinectNUI.Business.Kinect
		SccLocalPath1 = Business\\KinectNUI.Business.Kinect
		SccProjectUniqueName2 = Presentation\\KinectUI\\KinectNUI.csproj
		SccProjectName2 = Presentation/KinectUI
		SccLocalPath2 = Presentation\\KinectUI
	EndGlobalSection
	GlobalSection(SolutionConfigurationPlatforms) = preSolution
		Debug|Any CPU = Debug|Any CPU
		Debug|Mixed Platforms = Debug|Mixed Platforms
		Debug|x86 = Debug|x86
		Release|Any CPU = Release|Any CPU
		Release|Mixed Platforms = Release|Mixed Platforms
		Release|x86 = Release|x86
	EndGlobalSection
	GlobalSection(ProjectConfigurationPlatforms) = postSolution
		{DAC402A4-243F-4B2A-A927-61676A8CC54F}.Debug|Any CPU.ActiveCfg = Debug|x86
		{DAC402A4-243F-4B2A-A927-61676A8CC54F}.Debug|Mixed Platforms.ActiveCfg = Debug|x86
		{DAC402A4-243F-4B2A-A927-61676A8CC54F}.Debug|Mixed Platforms.Build.0 = Debug|x86
		{DAC402A4-243F-4B2A-A927-61676A8CC54F}.Debug|x86.ActiveCfg = Debug|x86
		{DAC402A4-243F-4B2A-A927-61676A8CC54F}.Debug|x86.Build.0 = Debug|x86
		{DAC402A4-243F-4B2A-A927-61676A8CC54F}.Release|Any CPU.ActiveCfg = Release|x86
		{DAC402A4-243F-4B2A-A927-61676A8CC54F}.Release|Mixed Platforms.ActiveCfg = Release|x86
		{DAC402A4-243F-4B2A-A927-61676A8CC54F}.Release|Mixed Platforms.Build.0 = Release|x86
		{DAC402A4-243F-4B2A-A927-61676A8CC54F}.Release|x86.ActiveCfg = Release|x86
		{DAC402A4-243F-4B2A-A927-61676A8CC54F}.Release|x86.Build.0 = Release|x86
		{1D801696-2DD4-46F5-9EFB-FDFCF272B689}.Debug|Any CPU.ActiveCfg = Debug|Any CPU
		{1D801696-2DD4-46F5-9EFB-FDFCF272B689}.Debug|Any CPU.Build.0 = Debug|Any CPU
		{1D801696-2DD4-46F5-9EFB-FDFCF272B689}.Debug|Mixed Platforms.ActiveCfg = Debug|Any CPU
		{1D801696-2DD4-46F5-9EFB-FDFCF272B689}.Debug|Mixed Platforms.Build.0 = Debug|Any CPU
		{1D801696-2DD4-46F5-9EFB-FDFCF272B689}.Debug|x86.ActiveCfg = Debug|Any CPU
		{1D801696-2DD4-46F5-9EFB-FDFCF272B689}.Release|Any CPU.ActiveCfg = Release|Any CPU
		{1D801696-2DD4-46F5-9EFB-FDFCF272B689}.Release|Any CPU.Build.0 = Release|Any CPU
		{1D801696-2DD4-46F5-9EFB-FDFCF272B689}.Release|Mixed Platforms.ActiveCfg = Release|Any CPU
		{1D801696-2DD4-46F5-9EFB-FDFCF272B689}.Release|Mixed Platforms.Build.0 = Release|Any CPU
		{1D801696-2DD4-46F5-9EFB-FDFCF272B689}.Release|x86.ActiveCfg = Release|Any CPU
	EndGlobalSection
	GlobalSection(SolutionProperties) = preSolution
		HideSolutionNode = FALSE
	EndGlobalSection
EndGlobal
